Microsoft Visual Studio Solution File, Format Version 10.00
# Visual Studio 2008
Project("{2150E333-8FDC-42A3-9474-1A3956D46DE8}") = "Data", "Data", "{7C719EFB-F2F4-4466-8683-EC6814A31B21}"
EndProject
Project("{2150E333-8FDC-42A3-9474-1A3956D46DE8}") = "Scripts", "Scripts", "{93162053-C054-44C5-BDD5-D737AB37E9A2}"
	ProjectSection(SolutionItems) = preProject
		SnCore.Data\FixDiscussionModified.sql = SnCore.Data\FixDiscussionModified.sql
		SnCore.Data\FixOrphanedTestimonials.sql = SnCore.Data\FixOrphanedTestimonials.sql
		SnCore.Data\FixPicturePositions.sql = SnCore.Data\FixPicturePositions.sql
		SnCore.Data\MigrateAccountContentGroupsToBlogs.sql = SnCore.Data\MigrateAccountContentGroupsToBlogs.sql
		SnCore.Data\SnCoreSqlFullText.sql = SnCore.Data\SnCoreSqlFullText.sql
		SnCore.Data\SnCoreSqlPermissions.sql = SnCore.Data\SnCoreSqlPermissions.sql
		SnCore.Data\SnCoreSqlServer.sql = SnCore.Data\SnCoreSqlServer.sql
		SnCore.Data\UpgradeAccountProfile.sql = SnCore.Data\UpgradeAccountProfile.sql
		SnCore.Data\UpgradeLive.sql = SnCore.Data\UpgradeLive.sql
	EndProjectSection
EndProject
Project("{2150E333-8FDC-42A3-9474-1A3956D46DE8}") = "Bulk", "Bulk", "{008D8333-0F94-45FF-9BFC-716044D36C98}"
	ProjectSection(SolutionItems) = preProject
		SnCore.Data\Account.txt = SnCore.Data\Account.txt
		SnCore.Data\AccountBlog.txt = SnCore.Data\AccountBlog.txt
		SnCore.Data\AccountBlogPost.txt = SnCore.Data\AccountBlogPost.txt
		SnCore.Data\AccountEventType.txt = SnCore.Data\AccountEventType.txt
		SnCore.Data\AccountFlagType.txt = SnCore.Data\AccountFlagType.txt
		SnCore.Data\AccountPlaceType.txt = SnCore.Data\AccountPlaceType.txt
		SnCore.Data\BugPriority.txt = SnCore.Data\BugPriority.txt
		SnCore.Data\BugProject.txt = SnCore.Data\BugProject.txt
		SnCore.Data\BugResolution.txt = SnCore.Data\BugResolution.txt
		SnCore.Data\BugSeverity.txt = SnCore.Data\BugSeverity.txt
		SnCore.Data\BugStatus.txt = SnCore.Data\BugStatus.txt
		SnCore.Data\BugType.txt = SnCore.Data\BugType.txt
		SnCore.Data\City.txt = SnCore.Data\City.txt
		SnCore.Data\Configuration.txt = SnCore.Data\Configuration.txt
		SnCore.Data\Country.txt = SnCore.Data\Country.txt
		SnCore.Data\Discussion.txt = SnCore.Data\Discussion.txt
		SnCore.Data\FeedType.txt = SnCore.Data\FeedType.txt
		SnCore.Data\PictureType.txt = SnCore.Data\PictureType.txt
		SnCore.Data\PlaceType.txt = SnCore.Data\PlaceType.txt
		SnCore.Data\RefererHost.txt = SnCore.Data\RefererHost.txt
		SnCore.Data\RefererHostDup.txt = SnCore.Data\RefererHostDup.txt
	EndProjectSection
EndProject
Project("{2150E333-8FDC-42A3-9474-1A3956D46DE8}") = "Build", "Build", "{96AFE929-B290-470A-8120-231316FA3FC5}"
	ProjectSection(SolutionItems) = preProject
		build.cmd = build.cmd
		SnCore.proj = SnCore.proj
	EndProjectSection
EndProject
Project("{FAE04EC0-301F-11D3-BF4B-00C04F79EFBC}") = "SnCore.Data", "SnCore.Data\SnCore.Data.csproj", "{4A323F3C-0EAF-40C9-AB0A-7A03BD7438B8}"
EndProject
Project("{FAE04EC0-301F-11D3-BF4B-00C04F79EFBC}") = "SnCore.Data.Tests", "SnCore.Data.Tests\SnCore.Data.Tests.csproj", "{67A52AD0-9E51-4899-82A8-D2E2E7455069}"
EndProject
Project("{FAE04EC0-301F-11D3-BF4B-00C04F79EFBC}") = "SnCore.Services", "SnCore.Services\SnCore.Services.csproj", "{5AEB26B1-4C6C-42ED-86A0-2E5FD6CE53E2}"
	ProjectSection(ProjectDependencies) = postProject
		{499527FF-AE52-450F-B3E3-4AD53E1712AD} = {499527FF-AE52-450F-B3E3-4AD53E1712AD}
	EndProjectSection
EndProject
Project("{FAE04EC0-301F-11D3-BF4B-00C04F79EFBC}") = "SnCore.Services.Tests", "SnCore.Services.Tests\SnCore.Services.Tests.csproj", "{474046C4-CACC-4CDD-AA24-CD02E1787C26}"
EndProject
Project("{8BC9CEB8-8B4A-11D0-8D11-00A0C91BC942}") = "SnCore.Docs", "SnCore.Docs\SnCore.Docs.vcproj", "{FEDE1426-DD79-459D-A6BE-1280ED7C0C81}"
EndProject
Project("{E24C65DC-7377-472B-9ABA-BC803B73C61A}") = "SnCoreWeb", "http://localhost/SnCoreWeb", "{6FDDCDCC-EBEE-405B-86B3-05A418A9B40D}"
	ProjectSection(WebsiteProperties) = preProject
		TargetFramework = "3.5"
		ProjectReferences = "{53F80219-6028-406B-819A-E79AE4D56995}|SnCore.Tools.dll;{3E4122EA-09F7-4D3A-BD40-3AE4D54A3DA0}|Wilco.Web.dll;{6AA41A44-B048-4370-A084-E7BE64DF2811}|SnCore.WebControls.dll;{5AEB26B1-4C6C-42ED-86A0-2E5FD6CE53E2}|SnCore.Services.dll;{437F9693-8C20-49BD-A4FD-68A88E9A92C0}|SnCore.Data.Hibernate.dll;{9354A6E8-72CD-4E69-92E7-C2740F5B5F16}|SnCore.BackEnd.dll;{615D15C5-42A4-4710-A713-D0678F7F7ED1}|SnCore.SiteMap.dll;{A18A417F-A1C5-43F2-BAC2-00B1A924E60F}|SnCore.WebServices.dll;{4A323F3C-0EAF-40C9-AB0A-7A03BD7438B8}|SnCore.Data.dll;{157389D0-4DF2-429C-A13C-26D4F10569BD}|NGif.NET.dll;{499527FF-AE52-450F-B3E3-4AD53E1712AD}|SgmlReaderDll.dll;{8DE2053A-247B-430A-86C3-E52B4725AA60}|Atom.NET.dll;{03BAF2A6-5C24-4450-94EF-F5F792F783E4}|ICalParser.dll;{C42FC014-7E12-4FAF-9BC9-79BF1529440D}|RSS.NET.dll;{634B0667-4C7D-4E0A-BA15-FEAD9DA0F44A}|MIME.NET.dll;"
		Debug.AspNetCompiler.VirtualPath = "/SnCoreWeb"
		Debug.AspNetCompiler.PhysicalPath = "SnCore.Web\"
		Debug.AspNetCompiler.TargetPath = "PrecompiledWeb\SnCoreWeb\"
		Debug.AspNetCompiler.Updateable = "true"
		Debug.AspNetCompiler.ForceOverwrite = "true"
		Debug.AspNetCompiler.FixedNames = "false"
		Debug.AspNetCompiler.Debug = "True"
		Release.AspNetCompiler.VirtualPath = "/SnCoreWeb"
		Release.AspNetCompiler.PhysicalPath = "SnCore.Web\"
		Release.AspNetCompiler.TargetPath = "PrecompiledWeb\SnCoreWeb\"
		Release.AspNetCompiler.Updateable = "true"
		Release.AspNetCompiler.ForceOverwrite = "true"
		Release.AspNetCompiler.FixedNames = "false"
		Release.AspNetCompiler.Debug = "False"
		SlnRelativePath = "SnCore.Web\"
	EndProjectSection
EndProject
Project("{E24C65DC-7377-472B-9ABA-BC803B73C61A}") = "SnCoreMobileWeb", "http://localhost/SnCoreMobileWeb", "{629A5887-656E-4B93-870F-B5961F7528E2}"
	ProjectSection(WebsiteProperties) = preProject
		TargetFramework = "3.5"
		ProjectReferences = "{53F80219-6028-406B-819A-E79AE4D56995}|SnCore.Tools.dll;{3E4122EA-09F7-4D3A-BD40-3AE4D54A3DA0}|Wilco.Web.dll;{6AA41A44-B048-4370-A084-E7BE64DF2811}|SnCore.WebControls.dll;{5AEB26B1-4C6C-42ED-86A0-2E5FD6CE53E2}|SnCore.Services.dll;{437F9693-8C20-49BD-A4FD-68A88E9A92C0}|SnCore.Data.Hibernate.dll;{9354A6E8-72CD-4E69-92E7-C2740F5B5F16}|SnCore.BackEnd.dll;{615D15C5-42A4-4710-A713-D0678F7F7ED1}|SnCore.SiteMap.dll;{A18A417F-A1C5-43F2-BAC2-00B1A924E60F}|SnCore.WebServices.dll;{4A323F3C-0EAF-40C9-AB0A-7A03BD7438B8}|SnCore.Data.dll;{157389D0-4DF2-429C-A13C-26D4F10569BD}|NGif.NET.dll;{499527FF-AE52-450F-B3E3-4AD53E1712AD}|SgmlReaderDll.dll;{8DE2053A-247B-430A-86C3-E52B4725AA60}|Atom.NET.dll;{03BAF2A6-5C24-4450-94EF-F5F792F783E4}|ICalParser.dll;{C42FC014-7E12-4FAF-9BC9-79BF1529440D}|RSS.NET.dll;{634B0667-4C7D-4E0A-BA15-FEAD9DA0F44A}|MIME.NET.dll;"
		Debug.AspNetCompiler.VirtualPath = "/SnCoreMobileWeb"
		Debug.AspNetCompiler.PhysicalPath = "SnCore.MobileWeb\"
		Debug.AspNetCompiler.TargetPath = "PrecompiledWeb\SnCoreMobileWeb\"
		Debug.AspNetCompiler.Updateable = "true"
		Debug.AspNetCompiler.ForceOverwrite = "true"
		Debug.AspNetCompiler.FixedNames = "false"
		Debug.AspNetCompiler.Debug = "True"
		Release.AspNetCompiler.VirtualPath = "/SnCoreMobileWeb"
		Release.AspNetCompiler.PhysicalPath = "SnCore.MobileWeb\"
		Release.AspNetCompiler.TargetPath = "PrecompiledWeb\SnCoreMobileWeb\"
		Release.AspNetCompiler.Updateable = "true"
		Release.AspNetCompiler.ForceOverwrite = "true"
		Release.AspNetCompiler.FixedNames = "false"
		Release.AspNetCompiler.Debug = "False"
		SlnRelativePath = "SnCore.MobileWeb\"
	EndProjectSection
EndProject
Project("{FAE04EC0-301F-11D3-BF4B-00C04F79EFBC}") = "SnCore.Tools", "SnCore.Tools\SnCore.Tools.csproj", "{53F80219-6028-406B-819A-E79AE4D56995}"
EndProject
Project("{FAE04EC0-301F-11D3-BF4B-00C04F79EFBC}") = "Wilco.Web", "Wilco.Web\Wilco.Web\Wilco.Web.csproj", "{3E4122EA-09F7-4D3A-BD40-3AE4D54A3DA0}"
EndProject
Project("{FAE04EC0-301F-11D3-BF4B-00C04F79EFBC}") = "SnCore.WebControls", "SnCore.WebControls\SnCore.WebControls.csproj", "{6AA41A44-B048-4370-A084-E7BE64DF2811}"
EndProject
Project("{2CFEAB61-6A3B-4EB8-B523-560B4BEEF521}") = "SnCore.Web.Deploy", "SnCore.Web.Deploy\SnCore.Web.Deploy.wdproj", "{5ABE72BA-942A-4A48-B7B8-5C8DCA154321}"
EndProject
Project("{FAE04EC0-301F-11D3-BF4B-00C04F79EFBC}") = "SnCore.Data.Hibernate", "SnCore.Data.Hibernate\SnCore.Data.Hibernate.csproj", "{437F9693-8C20-49BD-A4FD-68A88E9A92C0}"
EndProject
Project("{FAE04EC0-301F-11D3-BF4B-00C04F79EFBC}") = "SnCore.Stress.Tests", "SnCore.Stress.Tests\SnCore.Stress.Tests.csproj", "{38059B93-307B-4F3C-895E-AFE36F70D50B}"
EndProject
Project("{FAE04EC0-301F-11D3-BF4B-00C04F79EFBC}") = "SgmlReaderDll8", "SgmlReader\sgmlreaderdll\SgmlReaderDll8.csproj", "{499527FF-AE52-450F-B3E3-4AD53E1712AD}"
EndProject
Project("{FAE04EC0-301F-11D3-BF4B-00C04F79EFBC}") = "RSS.NET", "Rss.Net\RSS.NET.csproj", "{C42FC014-7E12-4FAF-9BC9-79BF1529440D}"
EndProject
Project("{FAE04EC0-301F-11D3-BF4B-00C04F79EFBC}") = "Atom.NET", "Atom.Net\Atom.NET.csproj", "{8DE2053A-247B-430A-86C3-E52B4725AA60}"
EndProject
Project("{FAE04EC0-301F-11D3-BF4B-00C04F79EFBC}") = "SnCore.Tools.Tests", "SnCore.Tools.Tests\SnCore.Tools.Tests.csproj", "{92289CC0-C427-4C06-B0F1-68973CD3EF3D}"
EndProject
Project("{FAE04EC0-301F-11D3-BF4B-00C04F79EFBC}") = "SnCore.BackEnd", "SnCore.BackEnd\SnCore.BackEnd.csproj", "{9354A6E8-72CD-4E69-92E7-C2740F5B5F16}"
EndProject
Project("{FAE04EC0-301F-11D3-BF4B-00C04F79EFBC}") = "SnCore.BackEnd.Tests", "SnCore.BackEnd.Tests\SnCore.BackEnd.Tests.csproj", "{4CEA5A49-7DD4-4896-9675-55D90901B0AD}"
EndProject
Project("{FAE04EC0-301F-11D3-BF4B-00C04F79EFBC}") = "SnCore.Web.Tests", "SnCore.Web.Tests\SnCore.Web.Tests.csproj", "{9B26A319-B666-4970-89B8-A2EB30D8D61D}"
EndProject
Project("{FAE04EC0-301F-11D3-BF4B-00C04F79EFBC}") = "SnCore.SiteMap", "SnCore.SiteMap\SnCore.SiteMap.csproj", "{615D15C5-42A4-4710-A713-D0678F7F7ED1}"
EndProject
Project("{FAE04EC0-301F-11D3-BF4B-00C04F79EFBC}") = "SnCore.WebServices", "SnCore.WebServices\SnCore.WebServices.csproj", "{A18A417F-A1C5-43F2-BAC2-00B1A924E60F}"
EndProject
Project("{FAE04EC0-301F-11D3-BF4B-00C04F79EFBC}") = "SnCore.WebServices.Tests", "SnCore.WebServices.Tests\SnCore.WebServices.Tests.csproj", "{8620AD9D-1515-43EE-A0A2-9D502ADF8308}"
EndProject
Project("{FAE04EC0-301F-11D3-BF4B-00C04F79EFBC}") = "SnCore.Web.Soap.Tests", "SnCore.Web.Soap.Tests\SnCore.Web.Soap.Tests.csproj", "{1299F629-48A4-47ED-9A10-C574C13BD066}"
EndProject
Project("{FAE04EC0-301F-11D3-BF4B-00C04F79EFBC}") = "NGif.NET", "NGif.NET\NGif.NET.csproj", "{157389D0-4DF2-429C-A13C-26D4F10569BD}"
EndProject
Project("{FAE04EC0-301F-11D3-BF4B-00C04F79EFBC}") = "ICalParser", "ICalParser.Net\ICalParser.csproj", "{03BAF2A6-5C24-4450-94EF-F5F792F783E4}"
EndProject
Project("{FAE04EC0-301F-11D3-BF4B-00C04F79EFBC}") = "SnCore.Data.Script", "SnCore.Data.Script\SnCore.Data.Script.csproj", "{AF50F70B-06AD-41D1-BA82-8C6339C4A271}"
EndProject
Project("{2CFEAB61-6A3B-4EB8-B523-560B4BEEF521}") = "SnCore.MobileWeb.Deploy", "SnCore.MobileWeb.Deploy\SnCore.MobileWeb.Deploy.wdproj", "{9EE29072-1A8E-49DE-9DA4-CC71E36F9AC0}"
EndProject
Project("{FAE04EC0-301F-11D3-BF4B-00C04F79EFBC}") = "SnCore.DomainMail", "SnCore.MailSink\SnCore.DomainMail\SnCore.DomainMail.csproj", "{C1838881-150C-4DA6-A501-848F84A6F9C5}"
EndProject
Project("{FAE04EC0-301F-11D3-BF4B-00C04F79EFBC}") = "MIME.NET", "MIME.NET\MIME.NET.csproj", "{634B0667-4C7D-4E0A-BA15-FEAD9DA0F44A}"
EndProject
Project("{FAE04EC0-301F-11D3-BF4B-00C04F79EFBC}") = "MIME.NET.Tests", "MIME.NET.Tests\MIME.NET.Tests.csproj", "{E3317FD5-0139-488A-844C-EB0C52E16AB4}"
EndProject
Project("{930C7802-8A8C-48F9-8165-68863BCCD9DD}") = "SnCore.Install", "SnCore.Install\SnCore.Install.wixproj", "{42DF97E0-ADD5-41D3-A6AA-63BB122F8F09}"
EndProject
Project("{E24C65DC-7377-472B-9ABA-BC803B73C61A}") = "SnCoreFaceBookWeb", "http://localhost/SnCoreFaceBookWeb", "{3457FB18-BF57-43A7-819C-A4BE7AB9604D}"
	ProjectSection(WebsiteProperties) = preProject
		TargetFramework = "3.5"
		ProjectReferences = "{53F80219-6028-406B-819A-E79AE4D56995}|SnCore.Tools.dll;{157389D0-4DF2-429C-A13C-26D4F10569BD}|NGif.NET.dll;{499527FF-AE52-450F-B3E3-4AD53E1712AD}|SgmlReaderDll.dll;{A18A417F-A1C5-43F2-BAC2-00B1A924E60F}|SnCore.WebServices.dll;{4A323F3C-0EAF-40C9-AB0A-7A03BD7438B8}|SnCore.Data.dll;{437F9693-8C20-49BD-A4FD-68A88E9A92C0}|SnCore.Data.Hibernate.dll;{5AEB26B1-4C6C-42ED-86A0-2E5FD6CE53E2}|SnCore.Services.dll;{8DE2053A-247B-430A-86C3-E52B4725AA60}|Atom.NET.dll;{03BAF2A6-5C24-4450-94EF-F5F792F783E4}|ICalParser.dll;{C42FC014-7E12-4FAF-9BC9-79BF1529440D}|RSS.NET.dll;{615D15C5-42A4-4710-A713-D0678F7F7ED1}|SnCore.SiteMap.dll;{3E4122EA-09F7-4D3A-BD40-3AE4D54A3DA0}|Wilco.Web.dll;{6AA41A44-B048-4370-A084-E7BE64DF2811}|SnCore.WebControls.dll;"
		Debug.AspNetCompiler.VirtualPath = "/SnCoreFaceBookWeb"
		Debug.AspNetCompiler.PhysicalPath = "SnCore.FaceBook.Web\"
		Debug.AspNetCompiler.TargetPath = "PrecompiledWeb\SnCoreFaceBookWeb\"
		Debug.AspNetCompiler.Updateable = "true"
		Debug.AspNetCompiler.ForceOverwrite = "true"
		Debug.AspNetCompiler.FixedNames = "false"
		Debug.AspNetCompiler.Debug = "True"
		Release.AspNetCompiler.VirtualPath = "/SnCoreFaceBookWeb"
		Release.AspNetCompiler.PhysicalPath = "SnCore.FaceBook.Web\"
		Release.AspNetCompiler.TargetPath = "PrecompiledWeb\SnCoreFaceBookWeb\"
		Release.AspNetCompiler.Updateable = "true"
		Release.AspNetCompiler.ForceOverwrite = "true"
		Release.AspNetCompiler.FixedNames = "false"
		Release.AspNetCompiler.Debug = "False"
		SlnRelativePath = "SnCore.FaceBook.Web\"
	EndProjectSection
EndProject
Project("{FAE04EC0-301F-11D3-BF4B-00C04F79EFBC}") = "SnCore.BackEnd.Service", "SnCore.BackEnd.Service\SnCore.BackEnd.Service.csproj", "{02A079EA-3FD3-4500-B632-D465380B1C4F}"
	ProjectSection(ProjectDependencies) = postProject
		{E6F26C1D-ED57-4C0C-85E3-4F1DDB876229} = {E6F26C1D-ED57-4C0C-85E3-4F1DDB876229}
	EndProjectSection
EndProject
Project("{FAE04EC0-301F-11D3-BF4B-00C04F79EFBC}") = "SnCore.SmtpMockServer", "SnCore.SmtpMockServer\SnCore.SmtpMockServer.csproj", "{B71DAAB6-87AF-4454-B68F-A1C6AD63B521}"
EndProject
Project("{FAE04EC0-301F-11D3-BF4B-00C04F79EFBC}") = "CommandLine", "CommandLine.Net\CommandLine.csproj", "{E6F26C1D-ED57-4C0C-85E3-4F1DDB876229}"
EndProject
Project("{FAE04EC0-301F-11D3-BF4B-00C04F79EFBC}") = "SnCore.Data.Mapping", "SnCore.Data.Mapping\SnCore.Data.Mapping.csproj", "{BA10C71B-5013-401C-849A-DB4BB6ED71D7}"
EndProject
Global
	GlobalSection(SolutionConfigurationPlatforms) = preSolution
		Debug|.NET = Debug|.NET
		Debug|Any CPU = Debug|Any CPU
		Debug|Mixed Platforms = Debug|Mixed Platforms
		Debug|Win32 = Debug|Win32
		Release|.NET = Release|.NET
		Release|Any CPU = Release|Any CPU
		Release|Mixed Platforms = Release|Mixed Platforms
		Release|Win32 = Release|Win32
	EndGlobalSection
	GlobalSection(ProjectConfigurationPlatforms) = postSolution
		{4A323F3C-0EAF-40C9-AB0A-7A03BD7438B8}.Debug|.NET.ActiveCfg = Debug|Any CPU
		{4A323F3C-0EAF-40C9-AB0A-7A03BD7438B8}.Debug|.NET.Build.0 = Debug|Any CPU
		{4A323F3C-0EAF-40C9-AB0A-7A03BD7438B8}.Debug|Any CPU.ActiveCfg = Debug|Any CPU
		{4A323F3C-0EAF-40C9-AB0A-7A03BD7438B8}.Debug|Any CPU.Build.0 = Debug|Any CPU
		{4A323F3C-0EAF-40C9-AB0A-7A03BD7438B8}.Debug|Mixed Platforms.ActiveCfg = Debug|Any CPU
		{4A323F3C-0EAF-40C9-AB0A-7A03BD7438B8}.Debug|Mixed Platforms.Build.0 = Debug|Any CPU
		{4A323F3C-0EAF-40C9-AB0A-7A03BD7438B8}.Debug|Win32.ActiveCfg = Debug|Any CPU
		{4A323F3C-0EAF-40C9-AB0A-7A03BD7438B8}.Release|.NET.ActiveCfg = Release|Any CPU
		{4A323F3C-0EAF-40C9-AB0A-7A03BD7438B8}.Release|.NET.Build.0 = Release|Any CPU
		{4A323F3C-0EAF-40C9-AB0A-7A03BD7438B8}.Release|Any CPU.ActiveCfg = Release|Any CPU
		{4A323F3C-0EAF-40C9-AB0A-7A03BD7438B8}.Release|Any CPU.Build.0 = Release|Any CPU
		{4A323F3C-0EAF-40C9-AB0A-7A03BD7438B8}.Release|Mixed Platforms.ActiveCfg = Release|Any CPU
		{4A323F3C-0EAF-40C9-AB0A-7A03BD7438B8}.Release|Mixed Platforms.Build.0 = Release|Any CPU
		{4A323F3C-0EAF-40C9-AB0A-7A03BD7438B8}.Release|Win32.ActiveCfg = Release|Any CPU
		{67A52AD0-9E51-4899-82A8-D2E2E7455069}.Debug|.NET.ActiveCfg = Debug|Any CPU
		{67A52AD0-9E51-4899-82A8-D2E2E7455069}.Debug|.NET.Build.0 = Debug|Any CPU
		{67A52AD0-9E51-4899-82A8-D2E2E7455069}.Debug|Any CPU.ActiveCfg = Debug|Any CPU
		{67A52AD0-9E51-4899-82A8-D2E2E7455069}.Debug|Any CPU.Build.0 = Debug|Any CPU
		{67A52AD0-9E51-4899-82A8-D2E2E7455069}.Debug|Mixed Platforms.ActiveCfg = Debug|Any CPU
		{67A52AD0-9E51-4899-82A8-D2E2E7455069}.Debug|Mixed Platforms.Build.0 = Debug|Any CPU
		{67A52AD0-9E51-4899-82A8-D2E2E7455069}.Debug|Win32.ActiveCfg = Debug|Any CPU
		{67A52AD0-9E51-4899-82A8-D2E2E7455069}.Release|.NET.ActiveCfg = Release|Any CPU
		{67A52AD0-9E51-4899-82A8-D2E2E7455069}.Release|.NET.Build.0 = Release|Any CPU
		{67A52AD0-9E51-4899-82A8-D2E2E7455069}.Release|Any CPU.ActiveCfg = Release|Any CPU
		{67A52AD0-9E51-4899-82A8-D2E2E7455069}.Release|Any CPU.Build.0 = Release|Any CPU
		{67A52AD0-9E51-4899-82A8-D2E2E7455069}.Release|Mixed Platforms.ActiveCfg = Release|Any CPU
		{67A52AD0-9E51-4899-82A8-D2E2E7455069}.Release|Mixed Platforms.Build.0 = Release|Any CPU
		{67A52AD0-9E51-4899-82A8-D2E2E7455069}.Release|Win32.ActiveCfg = Release|Any CPU
		{5AEB26B1-4C6C-42ED-86A0-2E5FD6CE53E2}.Debug|.NET.ActiveCfg = Debug|Any CPU
		{5AEB26B1-4C6C-42ED-86A0-2E5FD6CE53E2}.Debug|.NET.Build.0 = Debug|Any CPU
		{5AEB26B1-4C6C-42ED-86A0-2E5FD6CE53E2}.Debug|Any CPU.ActiveCfg = Debug|Any CPU
		{5AEB26B1-4C6C-42ED-86A0-2E5FD6CE53E2}.Debug|Any CPU.Build.0 = Debug|Any CPU
		{5AEB26B1-4C6C-42ED-86A0-2E5FD6CE53E2}.Debug|Mixed Platforms.ActiveCfg = Debug|Any CPU
		{5AEB26B1-4C6C-42ED-86A0-2E5FD6CE53E2}.Debug|Mixed Platforms.Build.0 = Debug|Any CPU
		{5AEB26B1-4C6C-42ED-86A0-2E5FD6CE53E2}.Debug|Win32.ActiveCfg = Debug|Any CPU
		{5AEB26B1-4C6C-42ED-86A0-2E5FD6CE53E2}.Release|.NET.ActiveCfg = Release|Any CPU
		{5AEB26B1-4C6C-42ED-86A0-2E5FD6CE53E2}.Release|.NET.Build.0 = Release|Any CPU
		{5AEB26B1-4C6C-42ED-86A0-2E5FD6CE53E2}.Release|Any CPU.ActiveCfg = Release|Any CPU
		{5AEB26B1-4C6C-42ED-86A0-2E5FD6CE53E2}.Release|Any CPU.Build.0 = Release|Any CPU
		{5AEB26B1-4C6C-42ED-86A0-2E5FD6CE53E2}.Release|Mixed Platforms.ActiveCfg = Release|Any CPU
		{5AEB26B1-4C6C-42ED-86A0-2E5FD6CE53E2}.Release|Mixed Platforms.Build.0 = Release|Any CPU
		{5AEB26B1-4C6C-42ED-86A0-2E5FD6CE53E2}.Release|Win32.ActiveCfg = Release|Any CPU
		{474046C4-CACC-4CDD-AA24-CD02E1787C26}.Debug|.NET.ActiveCfg = Debug|Any CPU
		{474046C4-CACC-4CDD-AA24-CD02E1787C26}.Debug|.NET.Build.0 = Debug|Any CPU
		{474046C4-CACC-4CDD-AA24-CD02E1787C26}.Debug|Any CPU.ActiveCfg = Debug|Any CPU
		{474046C4-CACC-4CDD-AA24-CD02E1787C26}.Debug|Any CPU.Build.0 = Debug|Any CPU
		{474046C4-CACC-4CDD-AA24-CD02E1787C26}.Debug|Mixed Platforms.ActiveCfg = Debug|Any CPU
		{474046C4-CACC-4CDD-AA24-CD02E1787C26}.Debug|Mixed Platforms.Build.0 = Debug|Any CPU
		{474046C4-CACC-4CDD-AA24-CD02E1787C26}.Debug|Win32.ActiveCfg = Debug|Any CPU
		{474046C4-CACC-4CDD-AA24-CD02E1787C26}.Release|.NET.ActiveCfg = Release|Any CPU
		{474046C4-CACC-4CDD-AA24-CD02E1787C26}.Release|.NET.Build.0 = Release|Any CPU
		{474046C4-CACC-4CDD-AA24-CD02E1787C26}.Release|Any CPU.ActiveCfg = Release|Any CPU
		{474046C4-CACC-4CDD-AA24-CD02E1787C26}.Release|Any CPU.Build.0 = Release|Any CPU
		{474046C4-CACC-4CDD-AA24-CD02E1787C26}.Release|Mixed Platforms.ActiveCfg = Release|Any CPU
		{474046C4-CACC-4CDD-AA24-CD02E1787C26}.Release|Mixed Platforms.Build.0 = Release|Any CPU
		{474046C4-CACC-4CDD-AA24-CD02E1787C26}.Release|Win32.ActiveCfg = Release|Any CPU
		{FEDE1426-DD79-459D-A6BE-1280ED7C0C81}.Debug|.NET.ActiveCfg = Debug|Win32
		{FEDE1426-DD79-459D-A6BE-1280ED7C0C81}.Debug|Any CPU.ActiveCfg = Debug|Win32
		{FEDE1426-DD79-459D-A6BE-1280ED7C0C81}.Debug|Mixed Platforms.ActiveCfg = Debug|Win32
		{FEDE1426-DD79-459D-A6BE-1280ED7C0C81}.Debug|Mixed Platforms.Build.0 = Debug|Win32
		{FEDE1426-DD79-459D-A6BE-1280ED7C0C81}.Debug|Win32.ActiveCfg = Debug|Win32
		{FEDE1426-DD79-459D-A6BE-1280ED7C0C81}.Debug|Win32.Build.0 = Debug|Win32
		{FEDE1426-DD79-459D-A6BE-1280ED7C0C81}.Release|.NET.ActiveCfg = Release|Win32
		{FEDE1426-DD79-459D-A6BE-1280ED7C0C81}.Release|Any CPU.ActiveCfg = Release|Win32
		{FEDE1426-DD79-459D-A6BE-1280ED7C0C81}.Release|Mixed Platforms.ActiveCfg = Release|Win32
		{FEDE1426-DD79-459D-A6BE-1280ED7C0C81}.Release|Mixed Platforms.Build.0 = Release|Win32
		{FEDE1426-DD79-459D-A6BE-1280ED7C0C81}.Release|Win32.ActiveCfg = Release|Win32
		{FEDE1426-DD79-459D-A6BE-1280ED7C0C81}.Release|Win32.Build.0 = Release|Win32
		{6FDDCDCC-EBEE-405B-86B3-05A418A9B40D}.Debug|.NET.ActiveCfg = Debug|.NET
		{6FDDCDCC-EBEE-405B-86B3-05A418A9B40D}.Debug|.NET.Build.0 = Debug|.NET
		{6FDDCDCC-EBEE-405B-86B3-05A418A9B40D}.Debug|Any CPU.ActiveCfg = Debug|.NET
		{6FDDCDCC-EBEE-405B-86B3-05A418A9B40D}.Debug|Mixed Platforms.ActiveCfg = Debug|.NET
		{6FDDCDCC-EBEE-405B-86B3-05A418A9B40D}.Debug|Mixed Platforms.Build.0 = Debug|.NET
		{6FDDCDCC-EBEE-405B-86B3-05A418A9B40D}.Debug|Win32.ActiveCfg = Debug|.NET
		{6FDDCDCC-EBEE-405B-86B3-05A418A9B40D}.Release|.NET.ActiveCfg = Debug|.NET
		{6FDDCDCC-EBEE-405B-86B3-05A418A9B40D}.Release|.NET.Build.0 = Debug|.NET
		{6FDDCDCC-EBEE-405B-86B3-05A418A9B40D}.Release|Any CPU.ActiveCfg = Debug|.NET
		{6FDDCDCC-EBEE-405B-86B3-05A418A9B40D}.Release|Mixed Platforms.ActiveCfg = Debug|.NET
		{6FDDCDCC-EBEE-405B-86B3-05A418A9B40D}.Release|Mixed Platforms.Build.0 = Debug|.NET
		{6FDDCDCC-EBEE-405B-86B3-05A418A9B40D}.Release|Win32.ActiveCfg = Debug|.NET
		{629A5887-656E-4B93-870F-B5961F7528E2}.Debug|.NET.ActiveCfg = Debug|.NET
		{629A5887-656E-4B93-870F-B5961F7528E2}.Debug|.NET.Build.0 = Debug|.NET
		{629A5887-656E-4B93-870F-B5961F7528E2}.Debug|Any CPU.ActiveCfg = Debug|.NET
		{629A5887-656E-4B93-870F-B5961F7528E2}.Debug|Mixed Platforms.ActiveCfg = Debug|.NET
		{629A5887-656E-4B93-870F-B5961F7528E2}.Debug|Mixed Platforms.Build.0 = Debug|.NET
		{629A5887-656E-4B93-870F-B5961F7528E2}.Debug|Win32.ActiveCfg = Debug|.NET
		{629A5887-656E-4B93-870F-B5961F7528E2}.Release|.NET.ActiveCfg = Debug|.NET
		{629A5887-656E-4B93-870F-B5961F7528E2}.Release|.NET.Build.0 = Debug|.NET
		{629A5887-656E-4B93-870F-B5961F7528E2}.Release|Any CPU.ActiveCfg = Debug|.NET
		{629A5887-656E-4B93-870F-B5961F7528E2}.Release|Mixed Platforms.ActiveCfg = Debug|.NET
		{629A5887-656E-4B93-870F-B5961F7528E2}.Release|Mixed Platforms.Build.0 = Debug|.NET
		{629A5887-656E-4B93-870F-B5961F7528E2}.Release|Win32.ActiveCfg = Debug|.NET
		{53F80219-6028-406B-819A-E79AE4D56995}.Debug|.NET.ActiveCfg = Debug|Any CPU
		{53F80219-6028-406B-819A-E79AE4D56995}.Debug|.NET.Build.0 = Debug|Any CPU
		{53F80219-6028-406B-819A-E79AE4D56995}.Debug|Any CPU.ActiveCfg = Debug|Any CPU
		{53F80219-6028-406B-819A-E79AE4D56995}.Debug|Any CPU.Build.0 = Debug|Any CPU
		{53F80219-6028-406B-819A-E79AE4D56995}.Debug|Mixed Platforms.ActiveCfg = Debug|Any CPU
		{53F80219-6028-406B-819A-E79AE4D56995}.Debug|Mixed Platforms.Build.0 = Debug|Any CPU
		{53F80219-6028-406B-819A-E79AE4D56995}.Debug|Win32.ActiveCfg = Debug|Any CPU
		{53F80219-6028-406B-819A-E79AE4D56995}.Release|.NET.ActiveCfg = Release|Any CPU
		{53F80219-6028-406B-819A-E79AE4D56995}.Release|.NET.Build.0 = Release|Any CPU
		{53F80219-6028-406B-819A-E79AE4D56995}.Release|Any CPU.ActiveCfg = Release|Any CPU
		{53F80219-6028-406B-819A-E79AE4D56995}.Release|Any CPU.Build.0 = Release|Any CPU
		{53F80219-6028-406B-819A-E79AE4D56995}.Release|Mixed Platforms.ActiveCfg = Release|Any CPU
		{53F80219-6028-406B-819A-E79AE4D56995}.Release|Mixed Platforms.Build.0 = Release|Any CPU
		{53F80219-6028-406B-819A-E79AE4D56995}.Release|Win32.ActiveCfg = Release|Any CPU
		{3E4122EA-09F7-4D3A-BD40-3AE4D54A3DA0}.Debug|.NET.ActiveCfg = Debug|Any CPU
		{3E4122EA-09F7-4D3A-BD40-3AE4D54A3DA0}.Debug|.NET.Build.0 = Debug|Any CPU
		{3E4122EA-09F7-4D3A-BD40-3AE4D54A3DA0}.Debug|Any CPU.ActiveCfg = Debug|Any CPU
		{3E4122EA-09F7-4D3A-BD40-3AE4D54A3DA0}.Debug|Any CPU.Build.0 = Debug|Any CPU
		{3E4122EA-09F7-4D3A-BD40-3AE4D54A3DA0}.Debug|Mixed Platforms.ActiveCfg = Debug|Any CPU
		{3E4122EA-09F7-4D3A-BD40-3AE4D54A3DA0}.Debug|Mixed Platforms.Build.0 = Debug|Any CPU
		{3E4122EA-09F7-4D3A-BD40-3AE4D54A3DA0}.Debug|Win32.ActiveCfg = Debug|Any CPU
		{3E4122EA-09F7-4D3A-BD40-3AE4D54A3DA0}.Release|.NET.ActiveCfg = Release|Any CPU
		{3E4122EA-09F7-4D3A-BD40-3AE4D54A3DA0}.Release|.NET.Build.0 = Release|Any CPU
		{3E4122EA-09F7-4D3A-BD40-3AE4D54A3DA0}.Release|Any CPU.ActiveCfg = Release|Any CPU
		{3E4122EA-09F7-4D3A-BD40-3AE4D54A3DA0}.Release|Any CPU.Build.0 = Release|Any CPU
		{3E4122EA-09F7-4D3A-BD40-3AE4D54A3DA0}.Release|Mixed Platforms.ActiveCfg = Release|Any CPU
		{3E4122EA-09F7-4D3A-BD40-3AE4D54A3DA0}.Release|Mixed Platforms.Build.0 = Release|Any CPU
		{3E4122EA-09F7-4D3A-BD40-3AE4D54A3DA0}.Release|Win32.ActiveCfg = Release|Any CPU
		{6AA41A44-B048-4370-A084-E7BE64DF2811}.Debug|.NET.ActiveCfg = Debug|Any CPU
		{6AA41A44-B048-4370-A084-E7BE64DF2811}.Debug|.NET.Build.0 = Debug|Any CPU
		{6AA41A44-B048-4370-A084-E7BE64DF2811}.Debug|Any CPU.ActiveCfg = Debug|Any CPU
		{6AA41A44-B048-4370-A084-E7BE64DF2811}.Debug|Any CPU.Build.0 = Debug|Any CPU
		{6AA41A44-B048-4370-A084-E7BE64DF2811}.Debug|Mixed Platforms.ActiveCfg = Debug|Any CPU
		{6AA41A44-B048-4370-A084-E7BE64DF2811}.Debug|Mixed Platforms.Build.0 = Debug|Any CPU
		{6AA41A44-B048-4370-A084-E7BE64DF2811}.Debug|Win32.ActiveCfg = Debug|Any CPU
		{6AA41A44-B048-4370-A084-E7BE64DF2811}.Release|.NET.ActiveCfg = Release|Any CPU
		{6AA41A44-B048-4370-A084-E7BE64DF2811}.Release|.NET.Build.0 = Release|Any CPU
		{6AA41A44-B048-4370-A084-E7BE64DF2811}.Release|Any CPU.ActiveCfg = Release|Any CPU
		{6AA41A44-B048-4370-A084-E7BE64DF2811}.Release|Any CPU.Build.0 = Release|Any CPU
		{6AA41A44-B048-4370-A084-E7BE64DF2811}.Release|Mixed Platforms.ActiveCfg = Release|Any CPU
		{6AA41A44-B048-4370-A084-E7BE64DF2811}.Release|Mixed Platforms.Build.0 = Release|Any CPU
		{6AA41A44-B048-4370-A084-E7BE64DF2811}.Release|Win32.ActiveCfg = Release|Any CPU
		{5ABE72BA-942A-4A48-B7B8-5C8DCA154321}.Debug|.NET.ActiveCfg = Debug|Any CPU
		{5ABE72BA-942A-4A48-B7B8-5C8DCA154321}.Debug|Any CPU.ActiveCfg = Debug|Any CPU
		{5ABE72BA-942A-4A48-B7B8-5C8DCA154321}.Debug|Any CPU.Build.0 = Debug|Any CPU
		{5ABE72BA-942A-4A48-B7B8-5C8DCA154321}.Debug|Mixed Platforms.ActiveCfg = Debug|Any CPU
		{5ABE72BA-942A-4A48-B7B8-5C8DCA154321}.Debug|Mixed Platforms.Build.0 = Debug|Any CPU
		{5ABE72BA-942A-4A48-B7B8-5C8DCA154321}.Debug|Win32.ActiveCfg = Debug|Any CPU
		{5ABE72BA-942A-4A48-B7B8-5C8DCA154321}.Release|.NET.ActiveCfg = Release|Any CPU
		{5ABE72BA-942A-4A48-B7B8-5C8DCA154321}.Release|Any CPU.ActiveCfg = Release|Any CPU
		{5ABE72BA-942A-4A48-B7B8-5C8DCA154321}.Release|Any CPU.Build.0 = Release|Any CPU
		{5ABE72BA-942A-4A48-B7B8-5C8DCA154321}.Release|Mixed Platforms.ActiveCfg = Release|Any CPU
		{5ABE72BA-942A-4A48-B7B8-5C8DCA154321}.Release|Mixed Platforms.Build.0 = Release|Any CPU
		{5ABE72BA-942A-4A48-B7B8-5C8DCA154321}.Release|Win32.ActiveCfg = Release|Any CPU
		{437F9693-8C20-49BD-A4FD-68A88E9A92C0}.Debug|.NET.ActiveCfg = Debug|Any CPU
		{437F9693-8C20-49BD-A4FD-68A88E9A92C0}.Debug|Any CPU.ActiveCfg = Debug|Any CPU
		{437F9693-8C20-49BD-A4FD-68A88E9A92C0}.Debug|Any CPU.Build.0 = Debug|Any CPU
		{437F9693-8C20-49BD-A4FD-68A88E9A92C0}.Debug|Mixed Platforms.ActiveCfg = Debug|Any CPU
		{437F9693-8C20-49BD-A4FD-68A88E9A92C0}.Debug|Mixed Platforms.Build.0 = Debug|Any CPU
		{437F9693-8C20-49BD-A4FD-68A88E9A92C0}.Debug|Win32.ActiveCfg = Debug|Any CPU
		{437F9693-8C20-49BD-A4FD-68A88E9A92C0}.Release|.NET.ActiveCfg = Release|Any CPU
		{437F9693-8C20-49BD-A4FD-68A88E9A92C0}.Release|Any CPU.ActiveCfg = Release|Any CPU
		{437F9693-8C20-49BD-A4FD-68A88E9A92C0}.Release|Any CPU.Build.0 = Release|Any CPU
		{437F9693-8C20-49BD-A4FD-68A88E9A92C0}.Release|Mixed Platforms.ActiveCfg = Release|Any CPU
		{437F9693-8C20-49BD-A4FD-68A88E9A92C0}.Release|Mixed Platforms.Build.0 = Release|Any CPU
		{437F9693-8C20-49BD-A4FD-68A88E9A92C0}.Release|Win32.ActiveCfg = Release|Any CPU
		{38059B93-307B-4F3C-895E-AFE36F70D50B}.Debug|.NET.ActiveCfg = Debug|Any CPU
		{38059B93-307B-4F3C-895E-AFE36F70D50B}.Debug|Any CPU.ActiveCfg = Debug|Any CPU
		{38059B93-307B-4F3C-895E-AFE36F70D50B}.Debug|Any CPU.Build.0 = Debug|Any CPU
		{38059B93-307B-4F3C-895E-AFE36F70D50B}.Debug|Mixed Platforms.ActiveCfg = Debug|Any CPU
		{38059B93-307B-4F3C-895E-AFE36F70D50B}.Debug|Mixed Platforms.Build.0 = Debug|Any CPU
		{38059B93-307B-4F3C-895E-AFE36F70D50B}.Debug|Win32.ActiveCfg = Debug|Any CPU
		{38059B93-307B-4F3C-895E-AFE36F70D50B}.Release|.NET.ActiveCfg = Release|Any CPU
		{38059B93-307B-4F3C-895E-AFE36F70D50B}.Release|Any CPU.ActiveCfg = Release|Any CPU
		{38059B93-307B-4F3C-895E-AFE36F70D50B}.Release|Any CPU.Build.0 = Release|Any CPU
		{38059B93-307B-4F3C-895E-AFE36F70D50B}.Release|Mixed Platforms.ActiveCfg = Release|Any CPU
		{38059B93-307B-4F3C-895E-AFE36F70D50B}.Release|Mixed Platforms.Build.0 = Release|Any CPU
		{38059B93-307B-4F3C-895E-AFE36F70D50B}.Release|Win32.ActiveCfg = Release|Any CPU
		{499527FF-AE52-450F-B3E3-4AD53E1712AD}.Debug|.NET.ActiveCfg = Debug|Any CPU
		{499527FF-AE52-450F-B3E3-4AD53E1712AD}.Debug|Any CPU.ActiveCfg = Debug|Any CPU
		{499527FF-AE52-450F-B3E3-4AD53E1712AD}.Debug|Any CPU.Build.0 = Debug|Any CPU
		{499527FF-AE52-450F-B3E3-4AD53E1712AD}.Debug|Mixed Platforms.ActiveCfg = Debug|Any CPU
		{499527FF-AE52-450F-B3E3-4AD53E1712AD}.Debug|Mixed Platforms.Build.0 = Debug|Any CPU
		{499527FF-AE52-450F-B3E3-4AD53E1712AD}.Debug|Win32.ActiveCfg = Debug|Any CPU
		{499527FF-AE52-450F-B3E3-4AD53E1712AD}.Release|.NET.ActiveCfg = Release|Any CPU
		{499527FF-AE52-450F-B3E3-4AD53E1712AD}.Release|Any CPU.ActiveCfg = Release|Any CPU
		{499527FF-AE52-450F-B3E3-4AD53E1712AD}.Release|Any CPU.Build.0 = Release|Any CPU
		{499527FF-AE52-450F-B3E3-4AD53E1712AD}.Release|Mixed Platforms.ActiveCfg = Release|Any CPU
		{499527FF-AE52-450F-B3E3-4AD53E1712AD}.Release|Mixed Platforms.Build.0 = Release|Any CPU
		{499527FF-AE52-450F-B3E3-4AD53E1712AD}.Release|Win32.ActiveCfg = Release|Any CPU
		{C42FC014-7E12-4FAF-9BC9-79BF1529440D}.Debug|.NET.ActiveCfg = Debug|Any CPU
		{C42FC014-7E12-4FAF-9BC9-79BF1529440D}.Debug|Any CPU.ActiveCfg = Debug|Any CPU
		{C42FC014-7E12-4FAF-9BC9-79BF1529440D}.Debug|Any CPU.Build.0 = Debug|Any CPU
		{C42FC014-7E12-4FAF-9BC9-79BF1529440D}.Debug|Mixed Platforms.ActiveCfg = Debug|Any CPU
		{C42FC014-7E12-4FAF-9BC9-79BF1529440D}.Debug|Mixed Platforms.Build.0 = Debug|Any CPU
		{C42FC014-7E12-4FAF-9BC9-79BF1529440D}.Debug|Win32.ActiveCfg = Debug|Any CPU
		{C42FC014-7E12-4FAF-9BC9-79BF1529440D}.Release|.NET.ActiveCfg = Release|Any CPU
		{C42FC014-7E12-4FAF-9BC9-79BF1529440D}.Release|Any CPU.ActiveCfg = Release|Any CPU
		{C42FC014-7E12-4FAF-9BC9-79BF1529440D}.Release|Any CPU.Build.0 = Release|Any CPU
		{C42FC014-7E12-4FAF-9BC9-79BF1529440D}.Release|Mixed Platforms.ActiveCfg = Release|Any CPU
		{C42FC014-7E12-4FAF-9BC9-79BF1529440D}.Release|Mixed Platforms.Build.0 = Release|Any CPU
		{C42FC014-7E12-4FAF-9BC9-79BF1529440D}.Release|Win32.ActiveCfg = Release|Any CPU
		{8DE2053A-247B-430A-86C3-E52B4725AA60}.Debug|.NET.ActiveCfg = Debug|Any CPU
		{8DE2053A-247B-430A-86C3-E52B4725AA60}.Debug|Any CPU.ActiveCfg = Debug|Any CPU
		{8DE2053A-247B-430A-86C3-E52B4725AA60}.Debug|Any CPU.Build.0 = Debug|Any CPU
		{8DE2053A-247B-430A-86C3-E52B4725AA60}.Debug|Mixed Platforms.ActiveCfg = Debug|Any CPU
		{8DE2053A-247B-430A-86C3-E52B4725AA60}.Debug|Mixed Platforms.Build.0 = Debug|Any CPU
		{8DE2053A-247B-430A-86C3-E52B4725AA60}.Debug|Win32.ActiveCfg = Debug|Any CPU
		{8DE2053A-247B-430A-86C3-E52B4725AA60}.Release|.NET.ActiveCfg = Release|Any CPU
		{8DE2053A-247B-430A-86C3-E52B4725AA60}.Release|Any CPU.ActiveCfg = Release|Any CPU
		{8DE2053A-247B-430A-86C3-E52B4725AA60}.Release|Any CPU.Build.0 = Release|Any CPU
		{8DE2053A-247B-430A-86C3-E52B4725AA60}.Release|Mixed Platforms.ActiveCfg = Release|Any CPU
		{8DE2053A-247B-430A-86C3-E52B4725AA60}.Release|Mixed Platforms.Build.0 = Release|Any CPU
		{8DE2053A-247B-430A-86C3-E52B4725AA60}.Release|Win32.ActiveCfg = Release|Any CPU
		{92289CC0-C427-4C06-B0F1-68973CD3EF3D}.Debug|.NET.ActiveCfg = Debug|Any CPU
		{92289CC0-C427-4C06-B0F1-68973CD3EF3D}.Debug|Any CPU.ActiveCfg = Debug|Any CPU
		{92289CC0-C427-4C06-B0F1-68973CD3EF3D}.Debug|Any CPU.Build.0 = Debug|Any CPU
		{92289CC0-C427-4C06-B0F1-68973CD3EF3D}.Debug|Mixed Platforms.ActiveCfg = Debug|Any CPU
		{92289CC0-C427-4C06-B0F1-68973CD3EF3D}.Debug|Mixed Platforms.Build.0 = Debug|Any CPU
		{92289CC0-C427-4C06-B0F1-68973CD3EF3D}.Debug|Win32.ActiveCfg = Debug|Any CPU
		{92289CC0-C427-4C06-B0F1-68973CD3EF3D}.Release|.NET.ActiveCfg = Release|Any CPU
		{92289CC0-C427-4C06-B0F1-68973CD3EF3D}.Release|Any CPU.ActiveCfg = Release|Any CPU
		{92289CC0-C427-4C06-B0F1-68973CD3EF3D}.Release|Any CPU.Build.0 = Release|Any CPU
		{92289CC0-C427-4C06-B0F1-68973CD3EF3D}.Release|Mixed Platforms.ActiveCfg = Release|Any CPU
		{92289CC0-C427-4C06-B0F1-68973CD3EF3D}.Release|Mixed Platforms.Build.0 = Release|Any CPU
		{92289CC0-C427-4C06-B0F1-68973CD3EF3D}.Release|Win32.ActiveCfg = Release|Any CPU
		{9354A6E8-72CD-4E69-92E7-C2740F5B5F16}.Debug|.NET.ActiveCfg = Debug|Any CPU
		{9354A6E8-72CD-4E69-92E7-C2740F5B5F16}.Debug|Any CPU.ActiveCfg = Debug|Any CPU
		{9354A6E8-72CD-4E69-92E7-C2740F5B5F16}.Debug|Any CPU.Build.0 = Debug|Any CPU
		{9354A6E8-72CD-4E69-92E7-C2740F5B5F16}.Debug|Mixed Platforms.ActiveCfg = Debug|Any CPU
		{9354A6E8-72CD-4E69-92E7-C2740F5B5F16}.Debug|Mixed Platforms.Build.0 = Debug|Any CPU
		{9354A6E8-72CD-4E69-92E7-C2740F5B5F16}.Debug|Win32.ActiveCfg = Debug|Any CPU
		{9354A6E8-72CD-4E69-92E7-C2740F5B5F16}.Release|.NET.ActiveCfg = Release|Any CPU
		{9354A6E8-72CD-4E69-92E7-C2740F5B5F16}.Release|Any CPU.ActiveCfg = Release|Any CPU
		{9354A6E8-72CD-4E69-92E7-C2740F5B5F16}.Release|Any CPU.Build.0 = Release|Any CPU
		{9354A6E8-72CD-4E69-92E7-C2740F5B5F16}.Release|Mixed Platforms.ActiveCfg = Release|Any CPU
		{9354A6E8-72CD-4E69-92E7-C2740F5B5F16}.Release|Mixed Platforms.Build.0 = Release|Any CPU
		{9354A6E8-72CD-4E69-92E7-C2740F5B5F16}.Release|Win32.ActiveCfg = Release|Any CPU
		{4CEA5A49-7DD4-4896-9675-55D90901B0AD}.Debug|.NET.ActiveCfg = Debug|Any CPU
		{4CEA5A49-7DD4-4896-9675-55D90901B0AD}.Debug|Any CPU.ActiveCfg = Debug|Any CPU
		{4CEA5A49-7DD4-4896-9675-55D90901B0AD}.Debug|Any CPU.Build.0 = Debug|Any CPU
		{4CEA5A49-7DD4-4896-9675-55D90901B0AD}.Debug|Mixed Platforms.ActiveCfg = Debug|Any CPU
		{4CEA5A49-7DD4-4896-9675-55D90901B0AD}.Debug|Mixed Platforms.Build.0 = Debug|Any CPU
		{4CEA5A49-7DD4-4896-9675-55D90901B0AD}.Debug|Win32.ActiveCfg = Debug|Any CPU
		{4CEA5A49-7DD4-4896-9675-55D90901B0AD}.Release|.NET.ActiveCfg = Release|Any CPU
		{4CEA5A49-7DD4-4896-9675-55D90901B0AD}.Release|Any CPU.ActiveCfg = Release|Any CPU
		{4CEA5A49-7DD4-4896-9675-55D90901B0AD}.Release|Any CPU.Build.0 = Release|Any CPU
		{4CEA5A49-7DD4-4896-9675-55D90901B0AD}.Release|Mixed Platforms.ActiveCfg = Release|Any CPU
		{4CEA5A49-7DD4-4896-9675-55D90901B0AD}.Release|Mixed Platforms.Build.0 = Release|Any CPU
		{4CEA5A49-7DD4-4896-9675-55D90901B0AD}.Release|Win32.ActiveCfg = Release|Any CPU
		{9B26A319-B666-4970-89B8-A2EB30D8D61D}.Debug|.NET.ActiveCfg = Debug|Any CPU
		{9B26A319-B666-4970-89B8-A2EB30D8D61D}.Debug|Any CPU.ActiveCfg = Debug|Any CPU
		{9B26A319-B666-4970-89B8-A2EB30D8D61D}.Debug|Any CPU.Build.0 = Debug|Any CPU
		{9B26A319-B666-4970-89B8-A2EB30D8D61D}.Debug|Mixed Platforms.ActiveCfg = Debug|Any CPU
		{9B26A319-B666-4970-89B8-A2EB30D8D61D}.Debug|Mixed Platforms.Build.0 = Debug|Any CPU
		{9B26A319-B666-4970-89B8-A2EB30D8D61D}.Debug|Win32.ActiveCfg = Debug|Any CPU
		{9B26A319-B666-4970-89B8-A2EB30D8D61D}.Release|.NET.ActiveCfg = Release|Any CPU
		{9B26A319-B666-4970-89B8-A2EB30D8D61D}.Release|Any CPU.ActiveCfg = Release|Any CPU
		{9B26A319-B666-4970-89B8-A2EB30D8D61D}.Release|Any CPU.Build.0 = Release|Any CPU
		{9B26A319-B666-4970-89B8-A2EB30D8D61D}.Release|Mixed Platforms.ActiveCfg = Release|Any CPU
		{9B26A319-B666-4970-89B8-A2EB30D8D61D}.Release|Mixed Platforms.Build.0 = Release|Any CPU
		{9B26A319-B666-4970-89B8-A2EB30D8D61D}.Release|Win32.ActiveCfg = Release|Any CPU
		{615D15C5-42A4-4710-A713-D0678F7F7ED1}.Debug|.NET.ActiveCfg = Debug|Any CPU
		{615D15C5-42A4-4710-A713-D0678F7F7ED1}.Debug|Any CPU.ActiveCfg = Debug|Any CPU
		{615D15C5-42A4-4710-A713-D0678F7F7ED1}.Debug|Any CPU.Build.0 = Debug|Any CPU
		{615D15C5-42A4-4710-A713-D0678F7F7ED1}.Debug|Mixed Platforms.ActiveCfg = Debug|Any CPU
		{615D15C5-42A4-4710-A713-D0678F7F7ED1}.Debug|Mixed Platforms.Build.0 = Debug|Any CPU
		{615D15C5-42A4-4710-A713-D0678F7F7ED1}.Debug|Win32.ActiveCfg = Debug|Any CPU
		{615D15C5-42A4-4710-A713-D0678F7F7ED1}.Release|.NET.ActiveCfg = Release|Any CPU
		{615D15C5-42A4-4710-A713-D0678F7F7ED1}.Release|Any CPU.ActiveCfg = Release|Any CPU
		{615D15C5-42A4-4710-A713-D0678F7F7ED1}.Release|Any CPU.Build.0 = Release|Any CPU
		{615D15C5-42A4-4710-A713-D0678F7F7ED1}.Release|Mixed Platforms.ActiveCfg = Release|Any CPU
		{615D15C5-42A4-4710-A713-D0678F7F7ED1}.Release|Mixed Platforms.Build.0 = Release|Any CPU
		{615D15C5-42A4-4710-A713-D0678F7F7ED1}.Release|Win32.ActiveCfg = Release|Any CPU
		{A18A417F-A1C5-43F2-BAC2-00B1A924E60F}.Debug|.NET.ActiveCfg = Debug|Any CPU
		{A18A417F-A1C5-43F2-BAC2-00B1A924E60F}.Debug|Any CPU.ActiveCfg = Debug|Any CPU
		{A18A417F-A1C5-43F2-BAC2-00B1A924E60F}.Debug|Any CPU.Build.0 = Debug|Any CPU
		{A18A417F-A1C5-43F2-BAC2-00B1A924E60F}.Debug|Mixed Platforms.ActiveCfg = Debug|Any CPU
		{A18A417F-A1C5-43F2-BAC2-00B1A924E60F}.Debug|Mixed Platforms.Build.0 = Debug|Any CPU
		{A18A417F-A1C5-43F2-BAC2-00B1A924E60F}.Debug|Win32.ActiveCfg = Debug|Any CPU
		{A18A417F-A1C5-43F2-BAC2-00B1A924E60F}.Release|.NET.ActiveCfg = Release|Any CPU
		{A18A417F-A1C5-43F2-BAC2-00B1A924E60F}.Release|Any CPU.ActiveCfg = Release|Any CPU
		{A18A417F-A1C5-43F2-BAC2-00B1A924E60F}.Release|Any CPU.Build.0 = Release|Any CPU
		{A18A417F-A1C5-43F2-BAC2-00B1A924E60F}.Release|Mixed Platforms.ActiveCfg = Release|Any CPU
		{A18A417F-A1C5-43F2-BAC2-00B1A924E60F}.Release|Mixed Platforms.Build.0 = Release|Any CPU
		{A18A417F-A1C5-43F2-BAC2-00B1A924E60F}.Release|Win32.ActiveCfg = Release|Any CPU
		{8620AD9D-1515-43EE-A0A2-9D502ADF8308}.Debug|.NET.ActiveCfg = Debug|Any CPU
		{8620AD9D-1515-43EE-A0A2-9D502ADF8308}.Debug|Any CPU.ActiveCfg = Debug|Any CPU
		{8620AD9D-1515-43EE-A0A2-9D502ADF8308}.Debug|Any CPU.Build.0 = Debug|Any CPU
		{8620AD9D-1515-43EE-A0A2-9D502ADF8308}.Debug|Mixed Platforms.ActiveCfg = Debug|Any CPU
		{8620AD9D-1515-43EE-A0A2-9D502ADF8308}.Debug|Mixed Platforms.Build.0 = Debug|Any CPU
		{8620AD9D-1515-43EE-A0A2-9D502ADF8308}.Debug|Win32.ActiveCfg = Debug|Any CPU
		{8620AD9D-1515-43EE-A0A2-9D502ADF8308}.Release|.NET.ActiveCfg = Release|Any CPU
		{8620AD9D-1515-43EE-A0A2-9D502ADF8308}.Release|Any CPU.ActiveCfg = Release|Any CPU
		{8620AD9D-1515-43EE-A0A2-9D502ADF8308}.Release|Any CPU.Build.0 = Release|Any CPU
		{8620AD9D-1515-43EE-A0A2-9D502ADF8308}.Release|Mixed Platforms.ActiveCfg = Release|Any CPU
		{8620AD9D-1515-43EE-A0A2-9D502ADF8308}.Release|Mixed Platforms.Build.0 = Release|Any CPU
		{8620AD9D-1515-43EE-A0A2-9D502ADF8308}.Release|Win32.ActiveCfg = Release|Any CPU
		{1299F629-48A4-47ED-9A10-C574C13BD066}.Debug|.NET.ActiveCfg = Debug|Any CPU
		{1299F629-48A4-47ED-9A10-C574C13BD066}.Debug|Any CPU.ActiveCfg = Debug|Any CPU
		{1299F629-48A4-47ED-9A10-C574C13BD066}.Debug|Any CPU.Build.0 = Debug|Any CPU
		{1299F629-48A4-47ED-9A10-C574C13BD066}.Debug|Mixed Platforms.ActiveCfg = Debug|Any CPU
		{1299F629-48A4-47ED-9A10-C574C13BD066}.Debug|Mixed Platforms.Build.0 = Debug|Any CPU
		{1299F629-48A4-47ED-9A10-C574C13BD066}.Debug|Win32.ActiveCfg = Debug|Any CPU
		{1299F629-48A4-47ED-9A10-C574C13BD066}.Release|.NET.ActiveCfg = Release|Any CPU
		{1299F629-48A4-47ED-9A10-C574C13BD066}.Release|Any CPU.ActiveCfg = Release|Any CPU
		{1299F629-48A4-47ED-9A10-C574C13BD066}.Release|Any CPU.Build.0 = Release|Any CPU
		{1299F629-48A4-47ED-9A10-C574C13BD066}.Release|Mixed Platforms.ActiveCfg = Release|Any CPU
		{1299F629-48A4-47ED-9A10-C574C13BD066}.Release|Mixed Platforms.Build.0 = Release|Any CPU
		{1299F629-48A4-47ED-9A10-C574C13BD066}.Release|Win32.ActiveCfg = Release|Any CPU
		{157389D0-4DF2-429C-A13C-26D4F10569BD}.Debug|.NET.ActiveCfg = Debug|Any CPU
		{157389D0-4DF2-429C-A13C-26D4F10569BD}.Debug|Any CPU.ActiveCfg = Debug|Any CPU
		{157389D0-4DF2-429C-A13C-26D4F10569BD}.Debug|Any CPU.Build.0 = Debug|Any CPU
		{157389D0-4DF2-429C-A13C-26D4F10569BD}.Debug|Mixed Platforms.ActiveCfg = Debug|Any CPU
		{157389D0-4DF2-429C-A13C-26D4F10569BD}.Debug|Mixed Platforms.Build.0 = Debug|Any CPU
		{157389D0-4DF2-429C-A13C-26D4F10569BD}.Debug|Win32.ActiveCfg = Debug|Any CPU
		{157389D0-4DF2-429C-A13C-26D4F10569BD}.Release|.NET.ActiveCfg = Release|Any CPU
		{157389D0-4DF2-429C-A13C-26D4F10569BD}.Release|Any CPU.ActiveCfg = Release|Any CPU
		{157389D0-4DF2-429C-A13C-26D4F10569BD}.Release|Any CPU.Build.0 = Release|Any CPU
		{157389D0-4DF2-429C-A13C-26D4F10569BD}.Release|Mixed Platforms.ActiveCfg = Release|Any CPU
		{157389D0-4DF2-429C-A13C-26D4F10569BD}.Release|Mixed Platforms.Build.0 = Release|Any CPU
		{157389D0-4DF2-429C-A13C-26D4F10569BD}.Release|Win32.ActiveCfg = Release|Any CPU
		{03BAF2A6-5C24-4450-94EF-F5F792F783E4}.Debug|.NET.ActiveCfg = Debug|Any CPU
		{03BAF2A6-5C24-4450-94EF-F5F792F783E4}.Debug|Any CPU.ActiveCfg = Debug|Any CPU
		{03BAF2A6-5C24-4450-94EF-F5F792F783E4}.Debug|Any CPU.Build.0 = Debug|Any CPU
		{03BAF2A6-5C24-4450-94EF-F5F792F783E4}.Debug|Mixed Platforms.ActiveCfg = Debug|Any CPU
		{03BAF2A6-5C24-4450-94EF-F5F792F783E4}.Debug|Mixed Platforms.Build.0 = Debug|Any CPU
		{03BAF2A6-5C24-4450-94EF-F5F792F783E4}.Debug|Win32.ActiveCfg = Debug|Any CPU
		{03BAF2A6-5C24-4450-94EF-F5F792F783E4}.Release|.NET.ActiveCfg = Release|Any CPU
		{03BAF2A6-5C24-4450-94EF-F5F792F783E4}.Release|Any CPU.ActiveCfg = Release|Any CPU
		{03BAF2A6-5C24-4450-94EF-F5F792F783E4}.Release|Any CPU.Build.0 = Release|Any CPU
		{03BAF2A6-5C24-4450-94EF-F5F792F783E4}.Release|Mixed Platforms.ActiveCfg = Release|Any CPU
		{03BAF2A6-5C24-4450-94EF-F5F792F783E4}.Release|Mixed Platforms.Build.0 = Release|Any CPU
		{03BAF2A6-5C24-4450-94EF-F5F792F783E4}.Release|Win32.ActiveCfg = Release|Any CPU
		{AF50F70B-06AD-41D1-BA82-8C6339C4A271}.Debug|.NET.ActiveCfg = Debug|Any CPU
		{AF50F70B-06AD-41D1-BA82-8C6339C4A271}.Debug|Any CPU.ActiveCfg = Debug|Any CPU
		{AF50F70B-06AD-41D1-BA82-8C6339C4A271}.Debug|Any CPU.Build.0 = Debug|Any CPU
		{AF50F70B-06AD-41D1-BA82-8C6339C4A271}.Debug|Mixed Platforms.ActiveCfg = Debug|Any CPU
		{AF50F70B-06AD-41D1-BA82-8C6339C4A271}.Debug|Mixed Platforms.Build.0 = Debug|Any CPU
		{AF50F70B-06AD-41D1-BA82-8C6339C4A271}.Debug|Win32.ActiveCfg = Debug|Any CPU
		{AF50F70B-06AD-41D1-BA82-8C6339C4A271}.Release|.NET.ActiveCfg = Release|Any CPU
		{AF50F70B-06AD-41D1-BA82-8C6339C4A271}.Release|Any CPU.ActiveCfg = Release|Any CPU
		{AF50F70B-06AD-41D1-BA82-8C6339C4A271}.Release|Any CPU.Build.0 = Release|Any CPU
		{AF50F70B-06AD-41D1-BA82-8C6339C4A271}.Release|Mixed Platforms.ActiveCfg = Release|Any CPU
		{AF50F70B-06AD-41D1-BA82-8C6339C4A271}.Release|Mixed Platforms.Build.0 = Release|Any CPU
		{AF50F70B-06AD-41D1-BA82-8C6339C4A271}.Release|Win32.ActiveCfg = Release|Any CPU
		{9EE29072-1A8E-49DE-9DA4-CC71E36F9AC0}.Debug|.NET.ActiveCfg = Debug|Any CPU
		{9EE29072-1A8E-49DE-9DA4-CC71E36F9AC0}.Debug|Any CPU.ActiveCfg = Debug|Any CPU
		{9EE29072-1A8E-49DE-9DA4-CC71E36F9AC0}.Debug|Any CPU.Build.0 = Debug|Any CPU
		{9EE29072-1A8E-49DE-9DA4-CC71E36F9AC0}.Debug|Mixed Platforms.ActiveCfg = Debug|Any CPU
		{9EE29072-1A8E-49DE-9DA4-CC71E36F9AC0}.Debug|Mixed Platforms.Build.0 = Debug|Any CPU
		{9EE29072-1A8E-49DE-9DA4-CC71E36F9AC0}.Debug|Win32.ActiveCfg = Debug|Any CPU
		{9EE29072-1A8E-49DE-9DA4-CC71E36F9AC0}.Release|.NET.ActiveCfg = Release|Any CPU
		{9EE29072-1A8E-49DE-9DA4-CC71E36F9AC0}.Release|Any CPU.ActiveCfg = Release|Any CPU
		{9EE29072-1A8E-49DE-9DA4-CC71E36F9AC0}.Release|Any CPU.Build.0 = Release|Any CPU
		{9EE29072-1A8E-49DE-9DA4-CC71E36F9AC0}.Release|Mixed Platforms.ActiveCfg = Release|Any CPU
		{9EE29072-1A8E-49DE-9DA4-CC71E36F9AC0}.Release|Mixed Platforms.Build.0 = Release|Any CPU
		{9EE29072-1A8E-49DE-9DA4-CC71E36F9AC0}.Release|Win32.ActiveCfg = Release|Any CPU
		{C1838881-150C-4DA6-A501-848F84A6F9C5}.Debug|.NET.ActiveCfg = Debug|Any CPU
		{C1838881-150C-4DA6-A501-848F84A6F9C5}.Debug|Any CPU.ActiveCfg = Debug|Any CPU
		{C1838881-150C-4DA6-A501-848F84A6F9C5}.Debug|Any CPU.Build.0 = Debug|Any CPU
		{C1838881-150C-4DA6-A501-848F84A6F9C5}.Debug|Mixed Platforms.ActiveCfg = Debug|Any CPU
		{C1838881-150C-4DA6-A501-848F84A6F9C5}.Debug|Mixed Platforms.Build.0 = Debug|Any CPU
		{C1838881-150C-4DA6-A501-848F84A6F9C5}.Debug|Win32.ActiveCfg = Debug|Any CPU
		{C1838881-150C-4DA6-A501-848F84A6F9C5}.Release|.NET.ActiveCfg = Release|Any CPU
		{C1838881-150C-4DA6-A501-848F84A6F9C5}.Release|Any CPU.ActiveCfg = Release|Any CPU
		{C1838881-150C-4DA6-A501-848F84A6F9C5}.Release|Any CPU.Build.0 = Release|Any CPU
		{C1838881-150C-4DA6-A501-848F84A6F9C5}.Release|Mixed Platforms.ActiveCfg = Release|Any CPU
		{C1838881-150C-4DA6-A501-848F84A6F9C5}.Release|Mixed Platforms.Build.0 = Release|Any CPU
		{C1838881-150C-4DA6-A501-848F84A6F9C5}.Release|Win32.ActiveCfg = Release|Any CPU
		{634B0667-4C7D-4E0A-BA15-FEAD9DA0F44A}.Debug|.NET.ActiveCfg = Debug|Any CPU
		{634B0667-4C7D-4E0A-BA15-FEAD9DA0F44A}.Debug|Any CPU.ActiveCfg = Debug|Any CPU
		{634B0667-4C7D-4E0A-BA15-FEAD9DA0F44A}.Debug|Any CPU.Build.0 = Debug|Any CPU
		{634B0667-4C7D-4E0A-BA15-FEAD9DA0F44A}.Debug|Mixed Platforms.ActiveCfg = Debug|Any CPU
		{634B0667-4C7D-4E0A-BA15-FEAD9DA0F44A}.Debug|Mixed Platforms.Build.0 = Debug|Any CPU
		{634B0667-4C7D-4E0A-BA15-FEAD9DA0F44A}.Debug|Win32.ActiveCfg = Debug|Any CPU
		{634B0667-4C7D-4E0A-BA15-FEAD9DA0F44A}.Release|.NET.ActiveCfg = Release|Any CPU
		{634B0667-4C7D-4E0A-BA15-FEAD9DA0F44A}.Release|Any CPU.ActiveCfg = Release|Any CPU
		{634B0667-4C7D-4E0A-BA15-FEAD9DA0F44A}.Release|Any CPU.Build.0 = Release|Any CPU
		{634B0667-4C7D-4E0A-BA15-FEAD9DA0F44A}.Release|Mixed Platforms.ActiveCfg = Release|Any CPU
		{634B0667-4C7D-4E0A-BA15-FEAD9DA0F44A}.Release|Mixed Platforms.Build.0 = Release|Any CPU
		{634B0667-4C7D-4E0A-BA15-FEAD9DA0F44A}.Release|Win32.ActiveCfg = Release|Any CPU
		{E3317FD5-0139-488A-844C-EB0C52E16AB4}.Debug|.NET.ActiveCfg = Debug|Any CPU
		{E3317FD5-0139-488A-844C-EB0C52E16AB4}.Debug|Any CPU.ActiveCfg = Debug|Any CPU
		{E3317FD5-0139-488A-844C-EB0C52E16AB4}.Debug|Any CPU.Build.0 = Debug|Any CPU
		{E3317FD5-0139-488A-844C-EB0C52E16AB4}.Debug|Mixed Platforms.ActiveCfg = Debug|Any CPU
		{E3317FD5-0139-488A-844C-EB0C52E16AB4}.Debug|Mixed Platforms.Build.0 = Debug|Any CPU
		{E3317FD5-0139-488A-844C-EB0C52E16AB4}.Debug|Win32.ActiveCfg = Debug|Any CPU
		{E3317FD5-0139-488A-844C-EB0C52E16AB4}.Release|.NET.ActiveCfg = Release|Any CPU
		{E3317FD5-0139-488A-844C-EB0C52E16AB4}.Release|Any CPU.ActiveCfg = Release|Any CPU
		{E3317FD5-0139-488A-844C-EB0C52E16AB4}.Release|Any CPU.Build.0 = Release|Any CPU
		{E3317FD5-0139-488A-844C-EB0C52E16AB4}.Release|Mixed Platforms.ActiveCfg = Release|Any CPU
		{E3317FD5-0139-488A-844C-EB0C52E16AB4}.Release|Mixed Platforms.Build.0 = Release|Any CPU
		{E3317FD5-0139-488A-844C-EB0C52E16AB4}.Release|Win32.ActiveCfg = Release|Any CPU
		{42DF97E0-ADD5-41D3-A6AA-63BB122F8F09}.Debug|.NET.ActiveCfg = Debug|x86
		{42DF97E0-ADD5-41D3-A6AA-63BB122F8F09}.Debug|Any CPU.ActiveCfg = Debug|x86
		{42DF97E0-ADD5-41D3-A6AA-63BB122F8F09}.Debug|Mixed Platforms.ActiveCfg = Debug|x86
		{42DF97E0-ADD5-41D3-A6AA-63BB122F8F09}.Debug|Mixed Platforms.Build.0 = Debug|x86
		{42DF97E0-ADD5-41D3-A6AA-63BB122F8F09}.Debug|Win32.ActiveCfg = Debug|x86
		{42DF97E0-ADD5-41D3-A6AA-63BB122F8F09}.Release|.NET.ActiveCfg = Release|x86
		{42DF97E0-ADD5-41D3-A6AA-63BB122F8F09}.Release|Any CPU.ActiveCfg = Release|x86
		{42DF97E0-ADD5-41D3-A6AA-63BB122F8F09}.Release|Mixed Platforms.ActiveCfg = Release|x86
		{42DF97E0-ADD5-41D3-A6AA-63BB122F8F09}.Release|Mixed Platforms.Build.0 = Release|x86
		{42DF97E0-ADD5-41D3-A6AA-63BB122F8F09}.Release|Win32.ActiveCfg = Release|x86
		{3457FB18-BF57-43A7-819C-A4BE7AB9604D}.Debug|.NET.ActiveCfg = Debug|.NET
		{3457FB18-BF57-43A7-819C-A4BE7AB9604D}.Debug|.NET.Build.0 = Debug|.NET
		{3457FB18-BF57-43A7-819C-A4BE7AB9604D}.Debug|Any CPU.ActiveCfg = Debug|.NET
		{3457FB18-BF57-43A7-819C-A4BE7AB9604D}.Debug|Mixed Platforms.ActiveCfg = Debug|.NET
		{3457FB18-BF57-43A7-819C-A4BE7AB9604D}.Debug|Mixed Platforms.Build.0 = Debug|.NET
		{3457FB18-BF57-43A7-819C-A4BE7AB9604D}.Debug|Win32.ActiveCfg = Debug|.NET
		{3457FB18-BF57-43A7-819C-A4BE7AB9604D}.Release|.NET.ActiveCfg = Debug|.NET
		{3457FB18-BF57-43A7-819C-A4BE7AB9604D}.Release|.NET.Build.0 = Debug|.NET
		{3457FB18-BF57-43A7-819C-A4BE7AB9604D}.Release|Any CPU.ActiveCfg = Debug|.NET
		{3457FB18-BF57-43A7-819C-A4BE7AB9604D}.Release|Mixed Platforms.ActiveCfg = Debug|.NET
		{3457FB18-BF57-43A7-819C-A4BE7AB9604D}.Release|Mixed Platforms.Build.0 = Debug|.NET
		{3457FB18-BF57-43A7-819C-A4BE7AB9604D}.Release|Win32.ActiveCfg = Debug|.NET
		{02A079EA-3FD3-4500-B632-D465380B1C4F}.Debug|.NET.ActiveCfg = Debug|Any CPU
		{02A079EA-3FD3-4500-B632-D465380B1C4F}.Debug|Any CPU.ActiveCfg = Debug|Any CPU
		{02A079EA-3FD3-4500-B632-D465380B1C4F}.Debug|Any CPU.Build.0 = Debug|Any CPU
		{02A079EA-3FD3-4500-B632-D465380B1C4F}.Debug|Mixed Platforms.ActiveCfg = Debug|Any CPU
		{02A079EA-3FD3-4500-B632-D465380B1C4F}.Debug|Mixed Platforms.Build.0 = Debug|Any CPU
		{02A079EA-3FD3-4500-B632-D465380B1C4F}.Debug|Win32.ActiveCfg = Debug|Any CPU
		{02A079EA-3FD3-4500-B632-D465380B1C4F}.Release|.NET.ActiveCfg = Release|Any CPU
		{02A079EA-3FD3-4500-B632-D465380B1C4F}.Release|Any CPU.ActiveCfg = Release|Any CPU
		{02A079EA-3FD3-4500-B632-D465380B1C4F}.Release|Any CPU.Build.0 = Release|Any CPU
		{02A079EA-3FD3-4500-B632-D465380B1C4F}.Release|Mixed Platforms.ActiveCfg = Release|Any CPU
		{02A079EA-3FD3-4500-B632-D465380B1C4F}.Release|Mixed Platforms.Build.0 = Release|Any CPU
		{02A079EA-3FD3-4500-B632-D465380B1C4F}.Release|Win32.ActiveCfg = Release|Any CPU
		{B71DAAB6-87AF-4454-B68F-A1C6AD63B521}.Debug|.NET.ActiveCfg = Debug|Any CPU
		{B71DAAB6-87AF-4454-B68F-A1C6AD63B521}.Debug|Any CPU.ActiveCfg = Debug|Any CPU
		{B71DAAB6-87AF-4454-B68F-A1C6AD63B521}.Debug|Any CPU.Build.0 = Debug|Any CPU
		{B71DAAB6-87AF-4454-B68F-A1C6AD63B521}.Debug|Mixed Platforms.ActiveCfg = Debug|Any CPU
		{B71DAAB6-87AF-4454-B68F-A1C6AD63B521}.Debug|Mixed Platforms.Build.0 = Debug|Any CPU
		{B71DAAB6-87AF-4454-B68F-A1C6AD63B521}.Debug|Win32.ActiveCfg = Debug|Any CPU
		{B71DAAB6-87AF-4454-B68F-A1C6AD63B521}.Release|.NET.ActiveCfg = Release|Any CPU
		{B71DAAB6-87AF-4454-B68F-A1C6AD63B521}.Release|Any CPU.ActiveCfg = Release|Any CPU
		{B71DAAB6-87AF-4454-B68F-A1C6AD63B521}.Release|Any CPU.Build.0 = Release|Any CPU
		{B71DAAB6-87AF-4454-B68F-A1C6AD63B521}.Release|Mixed Platforms.ActiveCfg = Release|Any CPU
		{B71DAAB6-87AF-4454-B68F-A1C6AD63B521}.Release|Mixed Platforms.Build.0 = Release|Any CPU
		{B71DAAB6-87AF-4454-B68F-A1C6AD63B521}.Release|Win32.ActiveCfg = Release|Any CPU
		{E6F26C1D-ED57-4C0C-85E3-4F1DDB876229}.Debug|.NET.ActiveCfg = Debug|Any CPU
		{E6F26C1D-ED57-4C0C-85E3-4F1DDB876229}.Debug|Any CPU.ActiveCfg = Debug|Any CPU
		{E6F26C1D-ED57-4C0C-85E3-4F1DDB876229}.Debug|Any CPU.Build.0 = Debug|Any CPU
		{E6F26C1D-ED57-4C0C-85E3-4F1DDB876229}.Debug|Mixed Platforms.ActiveCfg = Debug|Any CPU
		{E6F26C1D-ED57-4C0C-85E3-4F1DDB876229}.Debug|Mixed Platforms.Build.0 = Debug|Any CPU
		{E6F26C1D-ED57-4C0C-85E3-4F1DDB876229}.Debug|Win32.ActiveCfg = Debug|Any CPU
		{E6F26C1D-ED57-4C0C-85E3-4F1DDB876229}.Release|.NET.ActiveCfg = Release|Any CPU
		{E6F26C1D-ED57-4C0C-85E3-4F1DDB876229}.Release|Any CPU.ActiveCfg = Release|Any CPU
		{E6F26C1D-ED57-4C0C-85E3-4F1DDB876229}.Release|Any CPU.Build.0 = Release|Any CPU
		{E6F26C1D-ED57-4C0C-85E3-4F1DDB876229}.Release|Mixed Platforms.ActiveCfg = Release|Any CPU
		{E6F26C1D-ED57-4C0C-85E3-4F1DDB876229}.Release|Mixed Platforms.Build.0 = Release|Any CPU
		{E6F26C1D-ED57-4C0C-85E3-4F1DDB876229}.Release|Win32.ActiveCfg = Release|Any CPU
		{BA10C71B-5013-401C-849A-DB4BB6ED71D7}.Debug|.NET.ActiveCfg = Debug|Any CPU
		{BA10C71B-5013-401C-849A-DB4BB6ED71D7}.Debug|Any CPU.ActiveCfg = Debug|Any CPU
		{BA10C71B-5013-401C-849A-DB4BB6ED71D7}.Debug|Any CPU.Build.0 = Debug|Any CPU
		{BA10C71B-5013-401C-849A-DB4BB6ED71D7}.Debug|Mixed Platforms.ActiveCfg = Debug|Any CPU
		{BA10C71B-5013-401C-849A-DB4BB6ED71D7}.Debug|Mixed Platforms.Build.0 = Debug|Any CPU
		{BA10C71B-5013-401C-849A-DB4BB6ED71D7}.Debug|Win32.ActiveCfg = Debug|Any CPU
		{BA10C71B-5013-401C-849A-DB4BB6ED71D7}.Release|.NET.ActiveCfg = Release|Any CPU
		{BA10C71B-5013-401C-849A-DB4BB6ED71D7}.Release|Any CPU.ActiveCfg = Release|Any CPU
		{BA10C71B-5013-401C-849A-DB4BB6ED71D7}.Release|Any CPU.Build.0 = Release|Any CPU
		{BA10C71B-5013-401C-849A-DB4BB6ED71D7}.Release|Mixed Platforms.ActiveCfg = Release|Any CPU
		{BA10C71B-5013-401C-849A-DB4BB6ED71D7}.Release|Mixed Platforms.Build.0 = Release|Any CPU
		{BA10C71B-5013-401C-849A-DB4BB6ED71D7}.Release|Win32.ActiveCfg = Release|Any CPU
	EndGlobalSection
	GlobalSection(SolutionProperties) = preSolution
		HideSolutionNode = FALSE
	EndGlobalSection
	GlobalSection(NestedProjects) = preSolution
		{93162053-C054-44C5-BDD5-D737AB37E9A2} = {7C719EFB-F2F4-4466-8683-EC6814A31B21}
		{008D8333-0F94-45FF-9BFC-716044D36C98} = {7C719EFB-F2F4-4466-8683-EC6814A31B21}
	EndGlobalSection
EndGlobal
